github.com/bitnine-oss/agensgraph-golang v0.1.0 h1:a6mzN0y5ySY82lvqNvNa8J9KJdB53Vi1+K1aRHOYcI4=
github.com/bitnine-oss/agensgraph-golang v0.1.0/go.mod h1:x84yDsJV+xpXVe7lvKrQvtKwGokhIDHDwCaUzg9CM5o=
github.com/lib/pq v1.10.1 h1:6VXZrLU0jHBYyAqrSPa+MgPfnSvTPuMgK+k0o5kVFWo=
github.com/lib/pq v1.10.1/go.mod h1:AlVN5x4E4T544tWzH6hKfbfQvm3HdbOxrmggDNAPY9o=
github.com/pebbe/dbxml v1.3.1 h1:36vm7gj4e4rYic6TaHT3MCt9EjaIJPqSjJGARSAjjxc=
github.com/pebbe/dbxml v1.3.1/go.mod h1:g5Nu8pQcuIsuZveVYYZmqgya//k4SLbtVhnZ6DDuyN4=
github.com/pebbe/util v0.9.0 h1:PMZd+CpWb8GbWEmFGlL3qd6XPuywl6xFIbrXWi870OA=
github.com/pebbe/util v0.9.0/go.mod h1:ynWl/SFX4+Seb9fpjVlYevr1f4TP7FrCmyZHiBCg69Q=
github.com/rug-compling/alpinods v1.12.4 h1:SkNFEcNhS8oD7QwaCdMOEfkUGtbW16ghdDFr+f0xX+k=
github.com/rug-compling/alpinods v1.12.4/go.mod h1:R3BBX8RIw9InVqHZ+1W+MsX8WX8uBkoVNNGE38mqF1Q=
github.com/rug-compling/alud/v2 v2.8.0 h1:eGZ4wsH2hk0tLo2vG7PFU1FSdUKXUt87xJfjQxptOUw=
github.com/rug-compling/alud/v2 v2.8.0/go.mod h1:M+vSatnGuun2IZWgfCSHO0lZre4aIN3w/kwVhPow5QU=
github.com/yuin/goldmark v1.3.5 h1:dPmz1Snjq0kmkz159iL7S6WzdahUTHnHB5M56WFVifs=
github.com/yuin/goldmark v1.3.5/go.mod h1:mwnBkeHKe2W/ZEtQ+71ViKU8L12m81fl3OWwC1Zlc8k=
